
Microsoft Visual Studio Solution File, Format Version 12.00
# Visual Studio Version 17
VisualStudioVersion = 17.11.35327.3
MinimumVisualStudioVersion = 10.0.40219.1
Project("{FAE04EC0-301F-11D3-BF4B-00C04F79EFBC}") = "pl01", "pl01\pl01.csproj", "{FBF7977F-FB12-4944-B06A-AE2E3F45755A}"
EndProject
Global
	GlobalSection(SolutionConfigurationPlatforms) = preSolution
		Debug|Any CPU = Debug|Any CPU
		Release|Any CPU = Release|Any CPU
	EndGlobalSection
	GlobalSection(ProjectConfigurationPlatforms) = postSolution
		{FBF7977F-FB12-4944-B06A-AE2E3F45755A}.Debug|Any CPU.ActiveCfg = Debug|Any CPU
		{FBF7977F-FB12-4944-B06A-AE2E3F45755A}.Debug|Any CPU.Build.0 = Debug|Any CPU
		{FBF7977F-FB12-4944-B06A-AE2E3F45755A}.Release|Any CPU.ActiveCfg = Release|Any CPU
		{FBF7977F-FB12-4944-B06A-AE2E3F45755A}.Release|Any CPU.Build.0 = Release|Any CPU
	EndGlobalSection
	GlobalSection(SolutionProperties) = preSolution
		HideSolutionNode = FALSE
	EndGlobalSection
	GlobalSection(ExtensibilityGlobals) = postSolution
		SolutionGuid = {BE2DB0B6-33B9-4028-A359-63392646B47A}
	EndGlobalSection
EndGlobal
